
Microsoft Visual Studio Solution File, Format Version 12.00
# Visual Studio 15
VisualStudioVersion = 15.0.27130.2027
MinimumVisualStudioVersion = 10.0.40219.1
Project("{FAE04EC0-301F-11D3-BF4B-00C04F79EFBC}") = "BaseAlgorithms", "BaseAlgorithms\BaseAlgorithms.csproj", "{43C5CDC8-CEBD-4D0A-B24E-5A7937D62CD6}"
EndProject
Project("{FAE04EC0-301F-11D3-BF4B-00C04F79EFBC}") = "BaseAlgorithms.Tests", "BaseAlgorithms.Tests\BaseAlgorithms.Tests.csproj", "{D1E1C971-4E14-42F5-8FE3-0F744E6D28CA}"
EndProject
Global
	GlobalSection(SolutionConfigurationPlatforms) = preSolution
		Debug|Any CPU = Debug|Any CPU
		Release|Any CPU = Release|Any CPU
	EndGlobalSection
	GlobalSection(ProjectConfigurationPlatforms) = postSolution
		{43C5CDC8-CEBD-4D0A-B24E-5A7937D62CD6}.Debug|Any CPU.ActiveCfg = Debug|Any CPU
		{43C5CDC8-CEBD-4D0A-B24E-5A7937D62CD6}.Debug|Any CPU.Build.0 = Debug|Any CPU
		{43C5CDC8-CEBD-4D0A-B24E-5A7937D62CD6}.Release|Any CPU.ActiveCfg = Release|Any CPU
		{43C5CDC8-CEBD-4D0A-B24E-5A7937D62CD6}.Release|Any CPU.Build.0 = Release|Any CPU
		{D1E1C971-4E14-42F5-8FE3-0F744E6D28CA}.Debug|Any CPU.ActiveCfg = Debug|Any CPU
		{D1E1C971-4E14-42F5-8FE3-0F744E6D28CA}.Debug|Any CPU.Build.0 = Debug|Any CPU
		{D1E1C971-4E14-42F5-8FE3-0F744E6D28CA}.Release|Any CPU.ActiveCfg = Release|Any CPU
		{D1E1C971-4E14-42F5-8FE3-0F744E6D28CA}.Release|Any CPU.Build.0 = Release|Any CPU
	EndGlobalSection
	GlobalSection(SolutionProperties) = preSolution
		HideSolutionNode = FALSE
	EndGlobalSection
	GlobalSection(ExtensibilityGlobals) = postSolution
		SolutionGuid = {4ED65B2A-01D0-424D-8AA4-039828A6DFBD}
	EndGlobalSection
EndGlobal
